
Microsoft Visual Studio Solution File, Format Version 12.00
# Visual Studio Version 16
VisualStudioVersion = 16.0.35731.53
MinimumVisualStudioVersion = 10.0.40219.1
Project("{FAE04EC0-301F-11D3-BF4B-00C04F79EFBC}") = "FitnessTracker.Android", "FitnessTracker\FitnessTracker.Android\FitnessTracker.Android.csproj", "{71DC2F93-DF35-4A19-AF09-835F44EDD20C}"
EndProject
Project("{FAE04EC0-301F-11D3-BF4B-00C04F79EFBC}") = "FitnessTracker.iOS", "FitnessTracker\FitnessTracker.iOS\FitnessTracker.iOS.csproj", "{417CADB9-2366-47AF-A73E-903FD32AF079}"
EndProject
Project("{FAE04EC0-301F-11D3-BF4B-00C04F79EFBC}") = "FitnessTracker", "FitnessTracker\FitnessTracker\FitnessTracker.csproj", "{3B68016E-D010-4F62-819E-40C67C14E997}"
EndProject
Global
	GlobalSection(SolutionConfigurationPlatforms) = preSolution
		Debug|Any CPU = Debug|Any CPU
		Debug|iPhone = Debug|iPhone
		Debug|iPhoneSimulator = Debug|iPhoneSimulator
		Release|Any CPU = Release|Any CPU
		Release|iPhone = Release|iPhone
		Release|iPhoneSimulator = Release|iPhoneSimulator
	EndGlobalSection
	GlobalSection(ProjectConfigurationPlatforms) = postSolution
		{71DC2F93-DF35-4A19-AF09-835F44EDD20C}.Debug|Any CPU.ActiveCfg = Debug|Any CPU
		{71DC2F93-DF35-4A19-AF09-835F44EDD20C}.Debug|Any CPU.Build.0 = Debug|Any CPU
		{71DC2F93-DF35-4A19-AF09-835F44EDD20C}.Debug|Any CPU.Deploy.0 = Debug|Any CPU
		{71DC2F93-DF35-4A19-AF09-835F44EDD20C}.Debug|iPhone.ActiveCfg = Debug|Any CPU
		{71DC2F93-DF35-4A19-AF09-835F44EDD20C}.Debug|iPhone.Build.0 = Debug|Any CPU
		{71DC2F93-DF35-4A19-AF09-835F44EDD20C}.Debug|iPhone.Deploy.0 = Debug|Any CPU
		{71DC2F93-DF35-4A19-AF09-835F44EDD20C}.Debug|iPhoneSimulator.ActiveCfg = Debug|Any CPU
		{71DC2F93-DF35-4A19-AF09-835F44EDD20C}.Debug|iPhoneSimulator.Build.0 = Debug|Any CPU
		{71DC2F93-DF35-4A19-AF09-835F44EDD20C}.Debug|iPhoneSimulator.Deploy.0 = Debug|Any CPU
		{71DC2F93-DF35-4A19-AF09-835F44EDD20C}.Release|Any CPU.ActiveCfg = Release|Any CPU
		{71DC2F93-DF35-4A19-AF09-835F44EDD20C}.Release|Any CPU.Build.0 = Release|Any CPU
		{71DC2F93-DF35-4A19-AF09-835F44EDD20C}.Release|Any CPU.Deploy.0 = Release|Any CPU
		{71DC2F93-DF35-4A19-AF09-835F44EDD20C}.Release|iPhone.ActiveCfg = Release|Any CPU
		{71DC2F93-DF35-4A19-AF09-835F44EDD20C}.Release|iPhone.Build.0 = Release|Any CPU
		{71DC2F93-DF35-4A19-AF09-835F44EDD20C}.Release|iPhone.Deploy.0 = Release|Any CPU
		{71DC2F93-DF35-4A19-AF09-835F44EDD20C}.Release|iPhoneSimulator.ActiveCfg = Release|Any CPU
		{71DC2F93-DF35-4A19-AF09-835F44EDD20C}.Release|iPhoneSimulator.Build.0 = Release|Any CPU
		{71DC2F93-DF35-4A19-AF09-835F44EDD20C}.Release|iPhoneSimulator.Deploy.0 = Release|Any CPU
		{417CADB9-2366-47AF-A73E-903FD32AF079}.Debug|Any CPU.ActiveCfg = Debug|iPhone
		{417CADB9-2366-47AF-A73E-903FD32AF079}.Debug|Any CPU.Build.0 = Debug|iPhone
		{417CADB9-2366-47AF-A73E-903FD32AF079}.Debug|Any CPU.Deploy.0 = Debug|iPhone
		{417CADB9-2366-47AF-A73E-903FD32AF079}.Debug|iPhone.ActiveCfg = Debug|iPhone
		{417CADB9-2366-47AF-A73E-903FD32AF079}.Debug|iPhone.Build.0 = Debug|iPhone
		{417CADB9-2366-47AF-A73E-903FD32AF079}.Debug|iPhone.Deploy.0 = Debug|iPhone
		{417CADB9-2366-47AF-A73E-903FD32AF079}.Debug|iPhoneSimulator.ActiveCfg = Debug|iPhoneSimulator
		{417CADB9-2366-47AF-A73E-903FD32AF079}.Debug|iPhoneSimulator.Build.0 = Debug|iPhoneSimulator
		{417CADB9-2366-47AF-A73E-903FD32AF079}.Debug|iPhoneSimulator.Deploy.0 = Debug|iPhoneSimulator
		{417CADB9-2366-47AF-A73E-903FD32AF079}.Release|Any CPU.ActiveCfg = Release|iPhoneSimulator
		{417CADB9-2366-47AF-A73E-903FD32AF079}.Release|Any CPU.Build.0 = Release|iPhoneSimulator
		{417CADB9-2366-47AF-A73E-903FD32AF079}.Release|Any CPU.Deploy.0 = Release|iPhoneSimulator
		{417CADB9-2366-47AF-A73E-903FD32AF079}.Release|iPhone.ActiveCfg = Release|iPhone
		{417CADB9-2366-47AF-A73E-903FD32AF079}.Release|iPhone.Build.0 = Release|iPhone
		{417CADB9-2366-47AF-A73E-903FD32AF079}.Release|iPhone.Deploy.0 = Release|iPhone
		{417CADB9-2366-47AF-A73E-903FD32AF079}.Release|iPhoneSimulator.ActiveCfg = Release|iPhoneSimulator
		{417CADB9-2366-47AF-A73E-903FD32AF079}.Release|iPhoneSimulator.Build.0 = Release|iPhoneSimulator
		{417CADB9-2366-47AF-A73E-903FD32AF079}.Release|iPhoneSimulator.Deploy.0 = Release|iPhoneSimulator
		{3B68016E-D010-4F62-819E-40C67C14E997}.Debug|Any CPU.ActiveCfg = Debug|Any CPU
		{3B68016E-D010-4F62-819E-40C67C14E997}.Debug|Any CPU.Build.0 = Debug|Any CPU
		{3B68016E-D010-4F62-819E-40C67C14E997}.Debug|Any CPU.Deploy.0 = Debug|Any CPU
		{3B68016E-D010-4F62-819E-40C67C14E997}.Debug|iPhone.ActiveCfg = Debug|Any CPU
		{3B68016E-D010-4F62-819E-40C67C14E997}.Debug|iPhone.Build.0 = Debug|Any CPU
		{3B68016E-D010-4F62-819E-40C67C14E997}.Debug|iPhone.Deploy.0 = Debug|Any CPU
		{3B68016E-D010-4F62-819E-40C67C14E997}.Debug|iPhoneSimulator.ActiveCfg = Debug|Any CPU
		{3B68016E-D010-4F62-819E-40C67C14E997}.Debug|iPhoneSimulator.Build.0 = Debug|Any CPU
		{3B68016E-D010-4F62-819E-40C67C14E997}.Debug|iPhoneSimulator.Deploy.0 = Debug|Any CPU
		{3B68016E-D010-4F62-819E-40C67C14E997}.Release|Any CPU.ActiveCfg = Release|Any CPU
		{3B68016E-D010-4F62-819E-40C67C14E997}.Release|Any CPU.Build.0 = Release|Any CPU
		{3B68016E-D010-4F62-819E-40C67C14E997}.Release|Any CPU.Deploy.0 = Release|Any CPU
		{3B68016E-D010-4F62-819E-40C67C14E997}.Release|iPhone.ActiveCfg = Release|Any CPU
		{3B68016E-D010-4F62-819E-40C67C14E997}.Release|iPhone.Build.0 = Release|Any CPU
		{3B68016E-D010-4F62-819E-40C67C14E997}.Release|iPhone.Deploy.0 = Release|Any CPU
		{3B68016E-D010-4F62-819E-40C67C14E997}.Release|iPhoneSimulator.ActiveCfg = Release|Any CPU
		{3B68016E-D010-4F62-819E-40C67C14E997}.Release|iPhoneSimulator.Build.0 = Release|Any CPU
		{3B68016E-D010-4F62-819E-40C67C14E997}.Release|iPhoneSimulator.Deploy.0 = Release|Any CPU
	EndGlobalSection
	GlobalSection(SolutionProperties) = preSolution
		HideSolutionNode = FALSE
	EndGlobalSection
	GlobalSection(ExtensibilityGlobals) = postSolution
		SolutionGuid = {790C26DB-8877-4033-AA94-C43FB67C68E6}
	EndGlobalSection
EndGlobal
